
Microsoft Visual Studio Solution File, Format Version 12.00
# Visual Studio Version 17
VisualStudioVersion = 17.12.35527.113
MinimumVisualStudioVersion = 10.0.40219.1
Project("{FAE04EC0-301F-11D3-BF4B-00C04F79EFBC}") = "App.Repositories", "App.Repositories\App.Repositories.csproj", "{862950C9-F1D6-43C6-A8EF-D33AFCBAB857}"
EndProject
Project("{FAE04EC0-301F-11D3-BF4B-00C04F79EFBC}") = "App.Services", "App.Services\App.Services.csproj", "{741DF4E3-5F0E-4EBC-9A7B-9C005D6B584A}"
EndProject
Project("{FAE04EC0-301F-11D3-BF4B-00C04F79EFBC}") = "App.API", "App.API\App.API.csproj", "{4780075C-B1F0-4BBC-AD3D-61CE44DCD6FB}"
EndProject
Project("{2150E333-8FDC-42A3-9474-1A3956D46DE8}") = "NLayer", "NLayer", "{578C3127-9812-4DE3-BC84-A02932E66F56}"
EndProject
Project("{2150E333-8FDC-42A3-9474-1A3956D46DE8}") = "CleanArchitecture", "CleanArchitecture", "{89C99AC5-FADF-4B9F-BF01-382F685EF518}"
EndProject
Project("{2150E333-8FDC-42A3-9474-1A3956D46DE8}") = "Src", "Src", "{52CA416E-3DB7-487F-AD75-014DEF8CE826}"
EndProject
Project("{2150E333-8FDC-42A3-9474-1A3956D46DE8}") = "Test", "Test", "{C991C53C-7BAE-4A88-8EB4-5008B807E315}"
EndProject
Project("{2150E333-8FDC-42A3-9474-1A3956D46DE8}") = "Core", "Core", "{29168E02-4248-43E0-8988-C7B396799A7F}"
EndProject
Project("{FAE04EC0-301F-11D3-BF4B-00C04F79EFBC}") = "App.Domain", "App.Domain\App.Domain.csproj", "{473A328F-F0AD-43D1-8DF7-4D7F5AA5738D}"
EndProject
Project("{FAE04EC0-301F-11D3-BF4B-00C04F79EFBC}") = "App.Application", "App.Application\App.Application.csproj", "{8CDE0C96-9841-4DE9-9F52-3517A482F206}"
EndProject
Project("{2150E333-8FDC-42A3-9474-1A3956D46DE8}") = "Infrastructure", "Infrastructure", "{6EB0B748-6758-4D78-B13C-E7BE38D045A4}"
EndProject
Project("{FAE04EC0-301F-11D3-BF4B-00C04F79EFBC}") = "App.Persistence", "App.Persistence\App.Persistence.csproj", "{B604D2F2-546C-4FC7-B68B-1EAA883B3955}"
EndProject
Project("{2150E333-8FDC-42A3-9474-1A3956D46DE8}") = "API", "API", "{5146E105-E44F-4DFC-8CE9-8D85912B7119}"
EndProject
Project("{FAE04EC0-301F-11D3-BF4B-00C04F79EFBC}") = "CleanApp.Api", "CleanApp.Api\CleanApp.Api.csproj", "{F82E30A3-377D-4A6D-A526-AEF539871340}"
EndProject
Project("{FAE04EC0-301F-11D3-BF4B-00C04F79EFBC}") = "App.Caching", "App.Caching\App.Caching.csproj", "{8D7C01D5-8A1A-4AC7-8D59-0DCBE09BB8C5}"
EndProject
Global
	GlobalSection(SolutionConfigurationPlatforms) = preSolution
		Debug|Any CPU = Debug|Any CPU
		Release|Any CPU = Release|Any CPU
	EndGlobalSection
	GlobalSection(ProjectConfigurationPlatforms) = postSolution
		{862950C9-F1D6-43C6-A8EF-D33AFCBAB857}.Debug|Any CPU.ActiveCfg = Debug|Any CPU
		{862950C9-F1D6-43C6-A8EF-D33AFCBAB857}.Debug|Any CPU.Build.0 = Debug|Any CPU
		{862950C9-F1D6-43C6-A8EF-D33AFCBAB857}.Release|Any CPU.ActiveCfg = Release|Any CPU
		{862950C9-F1D6-43C6-A8EF-D33AFCBAB857}.Release|Any CPU.Build.0 = Release|Any CPU
		{741DF4E3-5F0E-4EBC-9A7B-9C005D6B584A}.Debug|Any CPU.ActiveCfg = Debug|Any CPU
		{741DF4E3-5F0E-4EBC-9A7B-9C005D6B584A}.Debug|Any CPU.Build.0 = Debug|Any CPU
		{741DF4E3-5F0E-4EBC-9A7B-9C005D6B584A}.Release|Any CPU.ActiveCfg = Release|Any CPU
		{741DF4E3-5F0E-4EBC-9A7B-9C005D6B584A}.Release|Any CPU.Build.0 = Release|Any CPU
		{4780075C-B1F0-4BBC-AD3D-61CE44DCD6FB}.Debug|Any CPU.ActiveCfg = Debug|Any CPU
		{4780075C-B1F0-4BBC-AD3D-61CE44DCD6FB}.Debug|Any CPU.Build.0 = Debug|Any CPU
		{4780075C-B1F0-4BBC-AD3D-61CE44DCD6FB}.Release|Any CPU.ActiveCfg = Release|Any CPU
		{4780075C-B1F0-4BBC-AD3D-61CE44DCD6FB}.Release|Any CPU.Build.0 = Release|Any CPU
		{473A328F-F0AD-43D1-8DF7-4D7F5AA5738D}.Debug|Any CPU.ActiveCfg = Debug|Any CPU
		{473A328F-F0AD-43D1-8DF7-4D7F5AA5738D}.Debug|Any CPU.Build.0 = Debug|Any CPU
		{473A328F-F0AD-43D1-8DF7-4D7F5AA5738D}.Release|Any CPU.ActiveCfg = Release|Any CPU
		{473A328F-F0AD-43D1-8DF7-4D7F5AA5738D}.Release|Any CPU.Build.0 = Release|Any CPU
		{8CDE0C96-9841-4DE9-9F52-3517A482F206}.Debug|Any CPU.ActiveCfg = Debug|Any CPU
		{8CDE0C96-9841-4DE9-9F52-3517A482F206}.Debug|Any CPU.Build.0 = Debug|Any CPU
		{8CDE0C96-9841-4DE9-9F52-3517A482F206}.Release|Any CPU.ActiveCfg = Release|Any CPU
		{8CDE0C96-9841-4DE9-9F52-3517A482F206}.Release|Any CPU.Build.0 = Release|Any CPU
		{B604D2F2-546C-4FC7-B68B-1EAA883B3955}.Debug|Any CPU.ActiveCfg = Debug|Any CPU
		{B604D2F2-546C-4FC7-B68B-1EAA883B3955}.Debug|Any CPU.Build.0 = Debug|Any CPU
		{B604D2F2-546C-4FC7-B68B-1EAA883B3955}.Release|Any CPU.ActiveCfg = Release|Any CPU
		{B604D2F2-546C-4FC7-B68B-1EAA883B3955}.Release|Any CPU.Build.0 = Release|Any CPU
		{F82E30A3-377D-4A6D-A526-AEF539871340}.Debug|Any CPU.ActiveCfg = Debug|Any CPU
		{F82E30A3-377D-4A6D-A526-AEF539871340}.Debug|Any CPU.Build.0 = Debug|Any CPU
		{F82E30A3-377D-4A6D-A526-AEF539871340}.Release|Any CPU.ActiveCfg = Release|Any CPU
		{F82E30A3-377D-4A6D-A526-AEF539871340}.Release|Any CPU.Build.0 = Release|Any CPU
		{8D7C01D5-8A1A-4AC7-8D59-0DCBE09BB8C5}.Debug|Any CPU.ActiveCfg = Debug|Any CPU
		{8D7C01D5-8A1A-4AC7-8D59-0DCBE09BB8C5}.Debug|Any CPU.Build.0 = Debug|Any CPU
		{8D7C01D5-8A1A-4AC7-8D59-0DCBE09BB8C5}.Release|Any CPU.ActiveCfg = Release|Any CPU
		{8D7C01D5-8A1A-4AC7-8D59-0DCBE09BB8C5}.Release|Any CPU.Build.0 = Release|Any CPU
	EndGlobalSection
	GlobalSection(SolutionProperties) = preSolution
		HideSolutionNode = FALSE
	EndGlobalSection
	GlobalSection(NestedProjects) = preSolution
		{862950C9-F1D6-43C6-A8EF-D33AFCBAB857} = {578C3127-9812-4DE3-BC84-A02932E66F56}
		{741DF4E3-5F0E-4EBC-9A7B-9C005D6B584A} = {578C3127-9812-4DE3-BC84-A02932E66F56}
		{4780075C-B1F0-4BBC-AD3D-61CE44DCD6FB} = {578C3127-9812-4DE3-BC84-A02932E66F56}
		{52CA416E-3DB7-487F-AD75-014DEF8CE826} = {89C99AC5-FADF-4B9F-BF01-382F685EF518}
		{C991C53C-7BAE-4A88-8EB4-5008B807E315} = {89C99AC5-FADF-4B9F-BF01-382F685EF518}
		{29168E02-4248-43E0-8988-C7B396799A7F} = {52CA416E-3DB7-487F-AD75-014DEF8CE826}
		{473A328F-F0AD-43D1-8DF7-4D7F5AA5738D} = {29168E02-4248-43E0-8988-C7B396799A7F}
		{8CDE0C96-9841-4DE9-9F52-3517A482F206} = {29168E02-4248-43E0-8988-C7B396799A7F}
		{6EB0B748-6758-4D78-B13C-E7BE38D045A4} = {52CA416E-3DB7-487F-AD75-014DEF8CE826}
		{B604D2F2-546C-4FC7-B68B-1EAA883B3955} = {6EB0B748-6758-4D78-B13C-E7BE38D045A4}
		{5146E105-E44F-4DFC-8CE9-8D85912B7119} = {52CA416E-3DB7-487F-AD75-014DEF8CE826}
		{F82E30A3-377D-4A6D-A526-AEF539871340} = {5146E105-E44F-4DFC-8CE9-8D85912B7119}
		{8D7C01D5-8A1A-4AC7-8D59-0DCBE09BB8C5} = {6EB0B748-6758-4D78-B13C-E7BE38D045A4}
	EndGlobalSection
EndGlobal
